
Microsoft Visual Studio Solution File, Format Version 12.00
# Visual Studio Version 17
VisualStudioVersion = 17.0.32112.339
MinimumVisualStudioVersion = 10.0.40219.1
Project("{FAE04EC0-301F-11D3-BF4B-00C04F79EFBC}") = "WebApplication1", "WebApplication1\WebApplication1.csproj", "{49C3107A-DD29-4512-8687-1645669BBCF0}"
EndProject
Global
	GlobalSection(SolutionConfigurationPlatforms) = preSolution
		Debug|Any CPU = Debug|Any CPU
		Release|Any CPU = Release|Any CPU
	EndGlobalSection
	GlobalSection(ProjectConfigurationPlatforms) = postSolution
		{49C3107A-DD29-4512-8687-1645669BBCF0}.Debug|Any CPU.ActiveCfg = Debug|Any CPU
		{49C3107A-DD29-4512-8687-1645669BBCF0}.Debug|Any CPU.Build.0 = Debug|Any CPU
		{49C3107A-DD29-4512-8687-1645669BBCF0}.Release|Any CPU.ActiveCfg = Release|Any CPU
		{49C3107A-DD29-4512-8687-1645669BBCF0}.Release|Any CPU.Build.0 = Release|Any CPU
	EndGlobalSection
	GlobalSection(SolutionProperties) = preSolution
		HideSolutionNode = FALSE
	EndGlobalSection
	GlobalSection(ExtensibilityGlobals) = postSolution
		SolutionGuid = {C6BA8F2F-2CC2-4A83-A80D-D9ABD4A2D26D}
	EndGlobalSection
EndGlobal
